
Microsoft Visual Studio Solution File, Format Version 12.00
# Visual Studio Version 17
VisualStudioVersion = 17.9.34607.119
MinimumVisualStudioVersion = 10.0.40219.1
Project("{FAE04EC0-301F-11D3-BF4B-00C04F79EFBC}") = "MimicAPI", "MimicAPI\MimicAPI.csproj", "{E3667406-D174-460D-B53F-B3518574CBC8}"
EndProject
Global
	GlobalSection(SolutionConfigurationPlatforms) = preSolution
		Debug|Any CPU = Debug|Any CPU
		Release|Any CPU = Release|Any CPU
	EndGlobalSection
	GlobalSection(ProjectConfigurationPlatforms) = postSolution
		{E3667406-D174-460D-B53F-B3518574CBC8}.Debug|Any CPU.ActiveCfg = Debug|Any CPU
		{E3667406-D174-460D-B53F-B3518574CBC8}.Debug|Any CPU.Build.0 = Debug|Any CPU
		{E3667406-D174-460D-B53F-B3518574CBC8}.Release|Any CPU.ActiveCfg = Release|Any CPU
		{E3667406-D174-460D-B53F-B3518574CBC8}.Release|Any CPU.Build.0 = Release|Any CPU
	EndGlobalSection
	GlobalSection(SolutionProperties) = preSolution
		HideSolutionNode = FALSE
	EndGlobalSection
	GlobalSection(ExtensibilityGlobals) = postSolution
		SolutionGuid = {3E423CE0-B2DE-4F99-940C-CD863EC57663}
	EndGlobalSection
EndGlobal
